
Microsoft Visual Studio Solution File, Format Version 12.00
# Visual Studio 15
VisualStudioVersion = 15.0.28010.2041
MinimumVisualStudioVersion = 10.0.40219.1
Project("{8BC9CEB8-8B4A-11D0-8D11-00A0C91BC942}") = "linked_list", "linked_list\linked_list.vcxproj", "{817A70D4-2ECD-416A-9A8C-8DE0B186C914}"
EndProject
Global
	GlobalSection(SolutionConfigurationPlatforms) = preSolution
		Debug|x64 = Debug|x64
		Debug|x86 = Debug|x86
		Release|x64 = Release|x64
		Release|x86 = Release|x86
	EndGlobalSection
	GlobalSection(ProjectConfigurationPlatforms) = postSolution
		{817A70D4-2ECD-416A-9A8C-8DE0B186C914}.Debug|x64.ActiveCfg = Debug|x64
		{817A70D4-2ECD-416A-9A8C-8DE0B186C914}.Debug|x64.Build.0 = Debug|x64
		{817A70D4-2ECD-416A-9A8C-8DE0B186C914}.Debug|x86.ActiveCfg = Debug|Win32
		{817A70D4-2ECD-416A-9A8C-8DE0B186C914}.Debug|x86.Build.0 = Debug|Win32
		{817A70D4-2ECD-416A-9A8C-8DE0B186C914}.Release|x64.ActiveCfg = Release|x64
		{817A70D4-2ECD-416A-9A8C-8DE0B186C914}.Release|x64.Build.0 = Release|x64
		{817A70D4-2ECD-416A-9A8C-8DE0B186C914}.Release|x86.ActiveCfg = Release|Win32
		{817A70D4-2ECD-416A-9A8C-8DE0B186C914}.Release|x86.Build.0 = Release|Win32
	EndGlobalSection
	GlobalSection(SolutionProperties) = preSolution
		HideSolutionNode = FALSE
	EndGlobalSection
	GlobalSection(ExtensibilityGlobals) = postSolution
		SolutionGuid = {DAE5AEF4-5D81-4AD7-915C-3E2A05B67D61}
	EndGlobalSection
EndGlobal
